
Microsoft Visual Studio Solution File, Format Version 12.00
# Visual Studio 15
VisualStudioVersion = 15.0.28307.168
MinimumVisualStudioVersion = 10.0.40219.1
Project("{FAE04EC0-301F-11D3-BF4B-00C04F79EFBC}") = "AppointmentBook_Exercise7", "AppointmentBook_Exercise7\AppointmentBook_Exercise7.csproj", "{E4F2A4E3-E103-4835-8C25-6F99BC1727B7}"
EndProject
Global
	GlobalSection(SolutionConfigurationPlatforms) = preSolution
		Debug|Any CPU = Debug|Any CPU
		Release|Any CPU = Release|Any CPU
	EndGlobalSection
	GlobalSection(ProjectConfigurationPlatforms) = postSolution
		{E4F2A4E3-E103-4835-8C25-6F99BC1727B7}.Debug|Any CPU.ActiveCfg = Debug|Any CPU
		{E4F2A4E3-E103-4835-8C25-6F99BC1727B7}.Debug|Any CPU.Build.0 = Debug|Any CPU
		{E4F2A4E3-E103-4835-8C25-6F99BC1727B7}.Release|Any CPU.ActiveCfg = Release|Any CPU
		{E4F2A4E3-E103-4835-8C25-6F99BC1727B7}.Release|Any CPU.Build.0 = Release|Any CPU
	EndGlobalSection
	GlobalSection(SolutionProperties) = preSolution
		HideSolutionNode = FALSE
	EndGlobalSection
	GlobalSection(ExtensibilityGlobals) = postSolution
		SolutionGuid = {5DC44D56-4EBA-40B0-8C6E-DF8BCD5AC34D}
	EndGlobalSection
EndGlobal
